
Microsoft Visual Studio Solution File, Format Version 12.00
# Visual Studio 15
VisualStudioVersion = 15.0.27703.2026
MinimumVisualStudioVersion = 10.0.40219.1
Project("{FAE04EC0-301F-11D3-BF4B-00C04F79EFBC}") = "SampleVncViewer", "SampleVncViewer\SampleVncViewer.csproj", "{FD59073A-18A4-419E-A253-992B58191EC3}"
EndProject
Project("{9A19103F-16F7-4668-BE54-9A1E7A4F7556}") = "VncLibrary", "VncLibrary\VncLibrary.csproj", "{93AE8B3B-7BD9-4CA5-BD5A-E930F11C55F2}"
EndProject
Global
	GlobalSection(SolutionConfigurationPlatforms) = preSolution
		Debug|Any CPU = Debug|Any CPU
		Release|Any CPU = Release|Any CPU
	EndGlobalSection
	GlobalSection(ProjectConfigurationPlatforms) = postSolution
		{FD59073A-18A4-419E-A253-992B58191EC3}.Debug|Any CPU.ActiveCfg = Debug|Any CPU
		{FD59073A-18A4-419E-A253-992B58191EC3}.Debug|Any CPU.Build.0 = Debug|Any CPU
		{FD59073A-18A4-419E-A253-992B58191EC3}.Release|Any CPU.ActiveCfg = Release|Any CPU
		{FD59073A-18A4-419E-A253-992B58191EC3}.Release|Any CPU.Build.0 = Release|Any CPU
		{93AE8B3B-7BD9-4CA5-BD5A-E930F11C55F2}.Debug|Any CPU.ActiveCfg = Debug|Any CPU
		{93AE8B3B-7BD9-4CA5-BD5A-E930F11C55F2}.Debug|Any CPU.Build.0 = Debug|Any CPU
		{93AE8B3B-7BD9-4CA5-BD5A-E930F11C55F2}.Release|Any CPU.ActiveCfg = Release|Any CPU
		{93AE8B3B-7BD9-4CA5-BD5A-E930F11C55F2}.Release|Any CPU.Build.0 = Release|Any CPU
	EndGlobalSection
	GlobalSection(SolutionProperties) = preSolution
		HideSolutionNode = FALSE
	EndGlobalSection
	GlobalSection(ExtensibilityGlobals) = postSolution
		SolutionGuid = {40A163C8-904A-49A8-A03B-27AA1F97AA3F}
	EndGlobalSection
EndGlobal
